// !$*UTF8*$!
{
	archiveVersion = 1;
	classes = {
	};
	objectVersion = 55;
	objects = {

/* Begin PBXBuildFile section */
		6328B01227BEA93D00557165 /* SessionsHistory.swift in Sources */ = {isa = PBXBuildFile; fileRef = 6328B01127BEA93D00557165 /* SessionsHistory.swift */; };
		6328B01427BEA9F100557165 /* CardView.swift in Sources */ = {isa = PBXBuildFile; fileRef = 6328B01327BEA9F100557165 /* CardView.swift */; };
		635B78F627C129DA00B32E66 /* Utils.swift in Sources */ = {isa = PBXBuildFile; fileRef = 635B78F527C129DA00B32E66 /* Utils.swift */; };
		635B78FB27C166DF00B32E66 /* CoreDataModel.xcdatamodeld in Sources */ = {isa = PBXBuildFile; fileRef = 635B78F927C166DF00B32E66 /* CoreDataModel.xcdatamodeld */; };
		635B78FD27C17CDE00B32E66 /* DataController.swift in Sources */ = {isa = PBXBuildFile; fileRef = 635B78FC27C17CDE00B32E66 /* DataController.swift */; };
		635B78FF27C188D300B32E66 /* AddNewSessionView.swift in Sources */ = {isa = PBXBuildFile; fileRef = 635B78FE27C188D300B32E66 /* AddNewSessionView.swift */; };
		636907B327BFC65C00BCC9DC /* TimerViewCircle.swift in Sources */ = {isa = PBXBuildFile; fileRef = 636907B227BFC65C00BCC9DC /* TimerViewCircle.swift */; };
		636907B527BFC66900BCC9DC /* TimerViewLower.swift in Sources */ = {isa = PBXBuildFile; fileRef = 636907B427BFC66900BCC9DC /* TimerViewLower.swift */; };
		63D1B6DA27BD294400B57A11 /* StudyTimeTrackerApp.swift in Sources */ = {isa = PBXBuildFile; fileRef = 63D1B6D927BD294400B57A11 /* StudyTimeTrackerApp.swift */; };
		63D1B6DC27BD294400B57A11 /* TimerView.swift in Sources */ = {isa = PBXBuildFile; fileRef = 63D1B6DB27BD294400B57A11 /* TimerView.swift */; };
		63D1B6DE27BD294500B57A11 /* Assets.xcassets in Resources */ = {isa = PBXBuildFile; fileRef = 63D1B6DD27BD294500B57A11 /* Assets.xcassets */; };
		63D1B6E127BD294500B57A11 /* Preview Assets.xcassets in Resources */ = {isa = PBXBuildFile; fileRef = 63D1B6E027BD294500B57A11 /* Preview Assets.xcassets */; };
		63D1B6E927BD299900B57A11 /* LearningSession.swift in Sources */ = {isa = PBXBuildFile; fileRef = 63D1B6E827BD299900B57A11 /* LearningSession.swift */; };
		63D1B6EB27BD2B5C00B57A11 /* Interval.swift in Sources */ = {isa = PBXBuildFile; fileRef = 63D1B6EA27BD2B5C00B57A11 /* Interval.swift */; };
/* End PBXBuildFile section */

/* Begin PBXFileReference section */
		6328B01127BEA93D00557165 /* SessionsHistory.swift */ = {isa = PBXFileReference; lastKnownFileType = sourcecode.swift; path = SessionsHistory.swift; sourceTree = "<group>"; };
		6328B01327BEA9F100557165 /* CardView.swift */ = {isa = PBXFileReference; lastKnownFileType = sourcecode.swift; path = CardView.swift; sourceTree = "<group>"; };
		635B78F527C129DA00B32E66 /* Utils.swift */ = {isa = PBXFileReference; lastKnownFileType = sourcecode.swift; path = Utils.swift; sourceTree = "<group>"; };
		635B78FA27C166DF00B32E66 /* DailyLearnModel.xcdatamodel */ = {isa = PBXFileReference; lastKnownFileType = wrapper.xcdatamodel; path = DailyLearnModel.xcdatamodel; sourceTree = "<group>"; };
		635B78FC27C17CDE00B32E66 /* DataController.swift */ = {isa = PBXFileReference; lastKnownFileType = sourcecode.swift; path = DataController.swift; sourceTree = "<group>"; };
		635B78FE27C188D300B32E66 /* AddNewSessionView.swift */ = {isa = PBXFileReference; lastKnownFileType = sourcecode.swift; path = AddNewSessionView.swift; sourceTree = "<group>"; };
		636907B227BFC65C00BCC9DC /* TimerViewCircle.swift */ = {isa = PBXFileReference; lastKnownFileType = sourcecode.swift; path = TimerViewCircle.swift; sourceTree = "<group>"; };
		636907B427BFC66900BCC9DC /* TimerViewLower.swift */ = {isa = PBXFileReference; lastKnownFileType = sourcecode.swift; path = TimerViewLower.swift; sourceTree = "<group>"; };
		63D1B6D627BD294400B57A11 /* Study Time Tracker.app */ = {isa = PBXFileReference; explicitFileType = wrapper.application; includeInIndex = 0; path = "Study Time Tracker.app"; sourceTree = BUILT_PRODUCTS_DIR; };
		63D1B6D927BD294400B57A11 /* StudyTimeTrackerApp.swift */ = {isa = PBXFileReference; lastKnownFileType = sourcecode.swift; path = StudyTimeTrackerApp.swift; sourceTree = "<group>"; };
		63D1B6DB27BD294400B57A11 /* TimerView.swift */ = {isa = PBXFileReference; lastKnownFileType = sourcecode.swift; path = TimerView.swift; sourceTree = "<group>"; };
		63D1B6DD27BD294500B57A11 /* Assets.xcassets */ = {isa = PBXFileReference; lastKnownFileType = folder.assetcatalog; path = Assets.xcassets; sourceTree = "<group>"; };
		63D1B6E027BD294500B57A11 /* Preview Assets.xcassets */ = {isa = PBXFileReference; lastKnownFileType = folder.assetcatalog; path = "Preview Assets.xcassets"; sourceTree = "<group>"; };
		63D1B6E827BD299900B57A11 /* LearningSession.swift */ = {isa = PBXFileReference; lastKnownFileType = sourcecode.swift; path = LearningSession.swift; sourceTree = "<group>"; };
		63D1B6EA27BD2B5C00B57A11 /* Interval.swift */ = {isa = PBXFileReference; lastKnownFileType = sourcecode.swift; path = Interval.swift; sourceTree = "<group>"; };
/* End PBXFileReference section */

/* Begin PBXFrameworksBuildPhase section */
		63D1B6D327BD294400B57A11 /* Frameworks */ = {
			isa = PBXFrameworksBuildPhase;
			buildActionMask = 2147483647;
			files = (
			);
			runOnlyForDeploymentPostprocessing = 0;
		};
/* End PBXFrameworksBuildPhase section */

/* Begin PBXGroup section */
		63D1B6CD27BD294400B57A11 = {
			isa = PBXGroup;
			children = (
				63D1B6D827BD294400B57A11 /* Study Time Tracker */,
				63D1B6D727BD294400B57A11 /* Products */,
			);
			sourceTree = "<group>";
		};
		63D1B6D727BD294400B57A11 /* Products */ = {
			isa = PBXGroup;
			children = (
				63D1B6D627BD294400B57A11 /* Study Time Tracker.app */,
			);
			name = Products;
			sourceTree = "<group>";
		};
		63D1B6D827BD294400B57A11 /* Study Time Tracker */ = {
			isa = PBXGroup;
			children = (
				63D1B6E727BD296600B57A11 /* Models */,
				63D1B6D927BD294400B57A11 /* StudyTimeTrackerApp.swift */,
				6328B01327BEA9F100557165 /* CardView.swift */,
				63D1B6DB27BD294400B57A11 /* TimerView.swift */,
				636907B427BFC66900BCC9DC /* TimerViewLower.swift */,
				636907B227BFC65C00BCC9DC /* TimerViewCircle.swift */,
				6328B01127BEA93D00557165 /* SessionsHistory.swift */,
				635B78FE27C188D300B32E66 /* AddNewSessionView.swift */,
				63D1B6DD27BD294500B57A11 /* Assets.xcassets */,
				63D1B6DF27BD294500B57A11 /* Preview Content */,
				635B78F927C166DF00B32E66 /* CoreDataModel.xcdatamodeld */,
			);
			path = "Study Time Tracker";
			sourceTree = "<group>";
		};
		63D1B6DF27BD294500B57A11 /* Preview Content */ = {
			isa = PBXGroup;
			children = (
				63D1B6E027BD294500B57A11 /* Preview Assets.xcassets */,
			);
			path = "Preview Content";
			sourceTree = "<group>";
		};
		63D1B6E727BD296600B57A11 /* Models */ = {
			isa = PBXGroup;
			children = (
				63D1B6E827BD299900B57A11 /* LearningSession.swift */,
				63D1B6EA27BD2B5C00B57A11 /* Interval.swift */,
				635B78F527C129DA00B32E66 /* Utils.swift */,
				635B78FC27C17CDE00B32E66 /* DataController.swift */,
			);
			path = Models;
			sourceTree = "<group>";
		};
/* End PBXGroup section */

/* Begin PBXNativeTarget section */
		63D1B6D527BD294400B57A11 /* Study Time Tracker */ = {
			isa = PBXNativeTarget;
			buildConfigurationList = 63D1B6E427BD294500B57A11 /* Build configuration list for PBXNativeTarget "Study Time Tracker" */;
			buildPhases = (
				63D1B6D227BD294400B57A11 /* Sources */,
				63D1B6D327BD294400B57A11 /* Frameworks */,
				63D1B6D427BD294400B57A11 /* Resources */,
			);
			buildRules = (
			);
			dependencies = (
			);
			name = "Study Time Tracker";
			productName = "First App";
			productReference = 63D1B6D627BD294400B57A11 /* Study Time Tracker.app */;
			productType = "com.apple.product-type.application";
		};
/* End PBXNativeTarget section */

/* Begin PBXProject section */
		63D1B6CE27BD294400B57A11 /* Project object */ = {
			isa = PBXProject;
			attributes = {
				BuildIndependentTargetsInParallel = 1;
				LastSwiftUpdateCheck = 1320;
				LastUpgradeCheck = 1320;
				TargetAttributes = {
					63D1B6D527BD294400B57A11 = {
						CreatedOnToolsVersion = 13.2.1;
					};
				};
			};
			buildConfigurationList = 63D1B6D127BD294400B57A11 /* Build configuration list for PBXProject "Study Time Tracker" */;
			compatibilityVersion = "Xcode 13.0";
			developmentRegion = en;
			hasScannedForEncodings = 0;
			knownRegions = (
				en,
				Base,
			);
			mainGroup = 63D1B6CD27BD294400B57A11;
			productRefGroup = 63D1B6D727BD294400B57A11 /* Products */;
			projectDirPath = "";
			projectRoot = "";
			targets = (
				63D1B6D527BD294400B57A11 /* Study Time Tracker */,
			);
		};
/* End PBXProject section */

/* Begin PBXResourcesBuildPhase section */
		63D1B6D427BD294400B57A11 /* Resources */ = {
			isa = PBXResourcesBuildPhase;
			buildActionMask = 2147483647;
			files = (
				63D1B6E127BD294500B57A11 /* Preview Assets.xcassets in Resources */,
				63D1B6DE27BD294500B57A11 /* Assets.xcassets in Resources */,
			);
			runOnlyForDeploymentPostprocessing = 0;
		};
/* End PBXResourcesBuildPhase section */

/* Begin PBXSourcesBuildPhase section */
		63D1B6D227BD294400B57A11 /* Sources */ = {
			isa = PBXSourcesBuildPhase;
			buildActionMask = 2147483647;
			files = (
				6328B01427BEA9F100557165 /* CardView.swift in Sources */,
				63D1B6E927BD299900B57A11 /* LearningSession.swift in Sources */,
				6328B01227BEA93D00557165 /* SessionsHistory.swift in Sources */,
				63D1B6DC27BD294400B57A11 /* TimerView.swift in Sources */,
				635B78FF27C188D300B32E66 /* AddNewSessionView.swift in Sources */,
				636907B527BFC66900BCC9DC /* TimerViewLower.swift in Sources */,
				635B78FD27C17CDE00B32E66 /* DataController.swift in Sources */,
				635B78FB27C166DF00B32E66 /* CoreDataModel.xcdatamodeld in Sources */,
				63D1B6EB27BD2B5C00B57A11 /* Interval.swift in Sources */,
				635B78F627C129DA00B32E66 /* Utils.swift in Sources */,
				636907B327BFC65C00BCC9DC /* TimerViewCircle.swift in Sources */,
				63D1B6DA27BD294400B57A11 /* StudyTimeTrackerApp.swift in Sources */,
			);
			runOnlyForDeploymentPostprocessing = 0;
		};
/* End PBXSourcesBuildPhase section */

/* Begin XCBuildConfiguration section */
		63D1B6E227BD294500B57A11 /* Debug */ = {
			isa = XCBuildConfiguration;
			buildSettings = {
				ALWAYS_SEARCH_USER_PATHS = NO;
				CLANG_ANALYZER_NONNULL = YES;
				CLANG_ANALYZER_NUMBER_OBJECT_CONVERSION = YES_AGGRESSIVE;
				CLANG_CXX_LANGUAGE_STANDARD = "gnu++17";
				CLANG_CXX_LIBRARY = "libc++";
				CLANG_ENABLE_MODULES = YES;
				CLANG_ENABLE_OBJC_ARC = YES;
				CLANG_ENABLE_OBJC_WEAK = YES;
				CLANG_WARN_BLOCK_CAPTURE_AUTORELEASING = YES;
				CLANG_WARN_BOOL_CONVERSION = YES;
				CLANG_WARN_COMMA = YES;
				CLANG_WARN_CONSTANT_CONVERSION = YES;
				CLANG_WARN_DEPRECATED_OBJC_IMPLEMENTATIONS = YES;
				CLANG_WARN_DIRECT_OBJC_ISA_USAGE = YES_ERROR;
				CLANG_WARN_DOCUMENTATION_COMMENTS = YES;
				CLANG_WARN_EMPTY_BODY = YES;
				CLANG_WARN_ENUM_CONVERSION = YES;
				CLANG_WARN_INFINITE_RECURSION = YES;
				CLANG_WARN_INT_CONVERSION = YES;
				CLANG_WARN_NON_LITERAL_NULL_CONVERSION = YES;
				CLANG_WARN_OBJC_IMPLICIT_RETAIN_SELF = YES;
				CLANG_WARN_OBJC_LITERAL_CONVERSION = YES;
				CLANG_WARN_OBJC_ROOT_CLASS = YES_ERROR;
				CLANG_WARN_QUOTED_INCLUDE_IN_FRAMEWORK_HEADER = YES;
				CLANG_WARN_RANGE_LOOP_ANALYSIS = YES;
				CLANG_WARN_STRICT_PROTOTYPES = YES;
				CLANG_WARN_SUSPICIOUS_MOVE = YES;
				CLANG_WARN_UNGUARDED_AVAILABILITY = YES_AGGRESSIVE;
				CLANG_WARN_UNREACHABLE_CODE = YES;
				CLANG_WARN__DUPLICATE_METHOD_MATCH = YES;
				COPY_PHASE_STRIP = NO;
				DEBUG_INFORMATION_FORMAT = dwarf;
				ENABLE_STRICT_OBJC_MSGSEND = YES;
				ENABLE_TESTABILITY = YES;
				GCC_C_LANGUAGE_STANDARD = gnu11;
				GCC_DYNAMIC_NO_PIC = NO;
				GCC_NO_COMMON_BLOCKS = YES;
				GCC_OPTIMIZATION_LEVEL = 0;
				GCC_PREPROCESSOR_DEFINITIONS = (
					"DEBUG=1",
					"$(inherited)",
				);
				GCC_WARN_64_TO_32_BIT_CONVERSION = YES;
				GCC_WARN_ABOUT_RETURN_TYPE = YES_ERROR;
				GCC_WARN_UNDECLARED_SELECTOR = YES;
				GCC_WARN_UNINITIALIZED_AUTOS = YES_AGGRESSIVE;
				GCC_WARN_UNUSED_FUNCTION = YES;
				GCC_WARN_UNUSED_VARIABLE = YES;
				IPHONEOS_DEPLOYMENT_TARGET = 15.2;
				MTL_ENABLE_DEBUG_INFO = INCLUDE_SOURCE;
				MTL_FAST_MATH = YES;
				ONLY_ACTIVE_ARCH = YES;
				SDKROOT = iphoneos;
				SWIFT_ACTIVE_COMPILATION_CONDITIONS = DEBUG;
				SWIFT_OPTIMIZATION_LEVEL = "-Onone";
			};
			name = Debug;
		};
		63D1B6E327BD294500B57A11 /* Release */ = {
			isa = XCBuildConfiguration;
			buildSettings = {
				ALWAYS_SEARCH_USER_PATHS = NO;
				CLANG_ANALYZER_NONNULL = YES;
				CLANG_ANALYZER_NUMBER_OBJECT_CONVERSION = YES_AGGRESSIVE;
				CLANG_CXX_LANGUAGE_STANDARD = "gnu++17";
				CLANG_CXX_LIBRARY = "libc++";
				CLANG_ENABLE_MODULES = YES;
				CLANG_ENABLE_OBJC_ARC = YES;
				CLANG_ENABLE_OBJC_WEAK = YES;
				CLANG_WARN_BLOCK_CAPTURE_AUTORELEASING = YES;
				CLANG_WARN_BOOL_CONVERSION = YES;
				CLANG_WARN_COMMA = YES;
				CLANG_WARN_CONSTANT_CONVERSION = YES;
				CLANG_WARN_DEPRECATED_OBJC_IMPLEMENTATIONS = YES;
				CLANG_WARN_DIRECT_OBJC_ISA_USAGE = YES_ERROR;
				CLANG_WARN_DOCUMENTATION_COMMENTS = YES;
				CLANG_WARN_EMPTY_BODY = YES;
				CLANG_WARN_ENUM_CONVERSION = YES;
				CLANG_WARN_INFINITE_RECURSION = YES;
				CLANG_WARN_INT_CONVERSION = YES;
				CLANG_WARN_NON_LITERAL_NULL_CONVERSION = YES;
				CLANG_WARN_OBJC_IMPLICIT_RETAIN_SELF = YES;
				CLANG_WARN_OBJC_LITERAL_CONVERSION = YES;
				CLANG_WARN_OBJC_ROOT_CLASS = YES_ERROR;
				CLANG_WARN_QUOTED_INCLUDE_IN_FRAMEWORK_HEADER = YES;
				CLANG_WARN_RANGE_LOOP_ANALYSIS = YES;
				CLANG_WARN_STRICT_PROTOTYPES = YES;
				CLANG_WARN_SUSPICIOUS_MOVE = YES;
				CLANG_WARN_UNGUARDED_AVAILABILITY = YES_AGGRESSIVE;
				CLANG_WARN_UNREACHABLE_CODE = YES;
				CLANG_WARN__DUPLICATE_METHOD_MATCH = YES;
				COPY_PHASE_STRIP = NO;
				DEBUG_INFORMATION_FORMAT = "dwarf-with-dsym";
				ENABLE_NS_ASSERTIONS = NO;
				ENABLE_STRICT_OBJC_MSGSEND = YES;
				GCC_C_LANGUAGE_STANDARD = gnu11;
				GCC_NO_COMMON_BLOCKS = YES;
				GCC_WARN_64_TO_32_BIT_CONVERSION = YES;
				GCC_WARN_ABOUT_RETURN_TYPE = YES_ERROR;
				GCC_WARN_UNDECLARED_SELECTOR = YES;
				GCC_WARN_UNINITIALIZED_AUTOS = YES_AGGRESSIVE;
				GCC_WARN_UNUSED_FUNCTION = YES;
				GCC_WARN_UNUSED_VARIABLE = YES;
				IPHONEOS_DEPLOYMENT_TARGET = 15.2;
				MTL_ENABLE_DEBUG_INFO = NO;
				MTL_FAST_MATH = YES;
				SDKROOT = iphoneos;
				SWIFT_COMPILATION_MODE = wholemodule;
				SWIFT_OPTIMIZATION_LEVEL = "-O";
				VALIDATE_PRODUCT = YES;
			};
			name = Release;
		};
		63D1B6E527BD294500B57A11 /* Debug */ = {
			isa = XCBuildConfiguration;
			buildSettings = {
				ASSETCATALOG_COMPILER_APPICON_NAME = AppIcon;
				ASSETCATALOG_COMPILER_GLOBAL_ACCENT_COLOR_NAME = AccentColor;
				CODE_SIGN_STYLE = Automatic;
				CURRENT_PROJECT_VERSION = 1;
				DEVELOPMENT_ASSET_PATHS = "\"Study Time Tracker/Preview Content\"";
				ENABLE_PREVIEWS = YES;
				GENERATE_INFOPLIST_FILE = YES;
				"INFOPLIST_FILE[sdk=*]" = "";
				INFOPLIST_KEY_UIApplicationSceneManifest_Generation = YES;
				INFOPLIST_KEY_UIApplicationSupportsIndirectInputEvents = YES;
				INFOPLIST_KEY_UILaunchScreen_Generation = YES;
				INFOPLIST_KEY_UISupportedInterfaceOrientations_iPad = "UIInterfaceOrientationPortrait UIInterfaceOrientationPortraitUpsideDown UIInterfaceOrientationLandscapeLeft UIInterfaceOrientationLandscapeRight";
				INFOPLIST_KEY_UISupportedInterfaceOrientations_iPhone = "UIInterfaceOrientationPortrait UIInterfaceOrientationLandscapeLeft UIInterfaceOrientationLandscapeRight";
				LD_RUNPATH_SEARCH_PATHS = (
					"$(inherited)",
					"@executable_path/Frameworks",
				);
				MARKETING_VERSION = 1.0;
				PRODUCT_BUNDLE_IDENTIFIER = "com.example.stepien.jakub.Study-Time-Tracker";
				PRODUCT_NAME = "$(TARGET_NAME)";
				SWIFT_EMIT_LOC_STRINGS = YES;
				SWIFT_VERSION = 5.0;
				TARGETED_DEVICE_FAMILY = "1,2";
			};
			name = Debug;
		};
		63D1B6E627BD294500B57A11 /* Release */ = {
			isa = XCBuildConfiguration;
			buildSettings = {
				ASSETCATALOG_COMPILER_APPICON_NAME = AppIcon;
				ASSETCATALOG_COMPILER_GLOBAL_ACCENT_COLOR_NAME = AccentColor;
				CODE_SIGN_STYLE = Automatic;
				CURRENT_PROJECT_VERSION = 1;
				DEVELOPMENT_ASSET_PATHS = "\"Study Time Tracker/Preview Content\"";
				ENABLE_PREVIEWS = YES;
				GENERATE_INFOPLIST_FILE = YES;
				INFOPLIST_KEY_UIApplicationSceneManifest_Generation = YES;
				INFOPLIST_KEY_UIApplicationSupportsIndirectInputEvents = YES;
				INFOPLIST_KEY_UILaunchScreen_Generation = YES;
				INFOPLIST_KEY_UISupportedInterfaceOrientations_iPad = "UIInterfaceOrientationPortrait UIInterfaceOrientationPortraitUpsideDown UIInterfaceOrientationLandscapeLeft UIInterfaceOrientationLandscapeRight";
				INFOPLIST_KEY_UISupportedInterfaceOrientations_iPhone = "UIInterfaceOrientationPortrait UIInterfaceOrientationLandscapeLeft UIInterfaceOrientationLandscapeRight";
				LD_RUNPATH_SEARCH_PATHS = (
					"$(inherited)",
					"@executable_path/Frameworks",
				);
				MARKETING_VERSION = 1.0;
				PRODUCT_BUNDLE_IDENTIFIER = "com.example.stepien.jakub.Study-Time-Tracker";
				PRODUCT_NAME = "$(TARGET_NAME)";
				SWIFT_EMIT_LOC_STRINGS = YES;
				SWIFT_VERSION = 5.0;
				TARGETED_DEVICE_FAMILY = "1,2";
			};
			name = Release;
		};
/* End XCBuildConfiguration section */

/* Begin XCConfigurationList section */
		63D1B6D127BD294400B57A11 /* Build configuration list for PBXProject "Study Time Tracker" */ = {
			isa = XCConfigurationList;
			buildConfigurations = (
				63D1B6E227BD294500B57A11 /* Debug */,
				63D1B6E327BD294500B57A11 /* Release */,
			);
			defaultConfigurationIsVisible = 0;
			defaultConfigurationName = Release;
		};
		63D1B6E427BD294500B57A11 /* Build configuration list for PBXNativeTarget "Study Time Tracker" */ = {
			isa = XCConfigurationList;
			buildConfigurations = (
				63D1B6E527BD294500B57A11 /* Debug */,
				63D1B6E627BD294500B57A11 /* Release */,
			);
			defaultConfigurationIsVisible = 0;
			defaultConfigurationName = Release;
		};
/* End XCConfigurationList section */

/* Begin XCVersionGroup section */
		635B78F927C166DF00B32E66 /* CoreDataModel.xcdatamodeld */ = {
			isa = XCVersionGroup;
			children = (
				635B78FA27C166DF00B32E66 /* DailyLearnModel.xcdatamodel */,
			);
			currentVersion = 635B78FA27C166DF00B32E66 /* DailyLearnModel.xcdatamodel */;
			path = CoreDataModel.xcdatamodeld;
			sourceTree = "<group>";
			versionGroupType = wrapper.xcdatamodel;
		};
/* End XCVersionGroup section */
	};
	rootObject = 63D1B6CE27BD294400B57A11 /* Project object */;
}
